
Microsoft Visual Studio Solution File, Format Version 12.00
# Visual Studio Version 17
VisualStudioVersion = 17.14.36109.1 d17.14
MinimumVisualStudioVersion = 10.0.40219.1
Project("{FAE04EC0-301F-11D3-BF4B-00C04F79EFBC}") = "ECommerceInventory", "ECommerceInventory.csproj", "{4DAACFB8-728B-4B3F-8EC8-C8671F09AF63}"
EndProject
Global
	GlobalSection(SolutionConfigurationPlatforms) = preSolution
		Debug|Any CPU = Debug|Any CPU
		Release|Any CPU = Release|Any CPU
	EndGlobalSection
	GlobalSection(ProjectConfigurationPlatforms) = postSolution
		{4DAACFB8-728B-4B3F-8EC8-C8671F09AF63}.Debug|Any CPU.ActiveCfg = Debug|Any CPU
		{4DAACFB8-728B-4B3F-8EC8-C8671F09AF63}.Debug|Any CPU.Build.0 = Debug|Any CPU
		{4DAACFB8-728B-4B3F-8EC8-C8671F09AF63}.Release|Any CPU.ActiveCfg = Release|Any CPU
		{4DAACFB8-728B-4B3F-8EC8-C8671F09AF63}.Release|Any CPU.Build.0 = Release|Any CPU
	EndGlobalSection
	GlobalSection(SolutionProperties) = preSolution
		HideSolutionNode = FALSE
	EndGlobalSection
	GlobalSection(ExtensibilityGlobals) = postSolution
		SolutionGuid = {1D32CB2F-58A9-4BC4-9324-4C2134FEC53F}
	EndGlobalSection
EndGlobal
